
Microsoft Visual Studio Solution File, Format Version 12.00
# Visual Studio Version 16
VisualStudioVersion = 16.0.31624.102
MinimumVisualStudioVersion = 10.0.40219.1
Project("{FAE04EC0-301F-11D3-BF4B-00C04F79EFBC}") = "Blog.API", "Blog.API\Blog.API.csproj", "{602ECBF9-451B-4307-B8D0-DA8DF4C7172D}"
EndProject
Project("{E53339B2-1760-4266-BCC7-CA923CBCF16C}") = "docker-compose", "docker-compose.dcproj", "{5E2DDEFC-7FA5-4E57-BDCA-605D8EBB9E01}"
EndProject
Global
	GlobalSection(SolutionConfigurationPlatforms) = preSolution
		Debug|Any CPU = Debug|Any CPU
		Release|Any CPU = Release|Any CPU
	EndGlobalSection
	GlobalSection(ProjectConfigurationPlatforms) = postSolution
		{602ECBF9-451B-4307-B8D0-DA8DF4C7172D}.Debug|Any CPU.ActiveCfg = Debug|Any CPU
		{602ECBF9-451B-4307-B8D0-DA8DF4C7172D}.Debug|Any CPU.Build.0 = Debug|Any CPU
		{602ECBF9-451B-4307-B8D0-DA8DF4C7172D}.Release|Any CPU.ActiveCfg = Release|Any CPU
		{602ECBF9-451B-4307-B8D0-DA8DF4C7172D}.Release|Any CPU.Build.0 = Release|Any CPU
		{5E2DDEFC-7FA5-4E57-BDCA-605D8EBB9E01}.Debug|Any CPU.ActiveCfg = Debug|Any CPU
		{5E2DDEFC-7FA5-4E57-BDCA-605D8EBB9E01}.Debug|Any CPU.Build.0 = Debug|Any CPU
		{5E2DDEFC-7FA5-4E57-BDCA-605D8EBB9E01}.Release|Any CPU.ActiveCfg = Release|Any CPU
		{5E2DDEFC-7FA5-4E57-BDCA-605D8EBB9E01}.Release|Any CPU.Build.0 = Release|Any CPU
	EndGlobalSection
	GlobalSection(SolutionProperties) = preSolution
		HideSolutionNode = FALSE
	EndGlobalSection
	GlobalSection(ExtensibilityGlobals) = postSolution
		SolutionGuid = {C936D254-F4EC-4559-8080-DE406B685B6B}
	EndGlobalSection
EndGlobal
